
Microsoft Visual Studio Solution File, Format Version 12.00
# Visual Studio Version 17
VisualStudioVersion = 17.9.34607.119
MinimumVisualStudioVersion = 10.0.40219.1
Project("{FAE04EC0-301F-11D3-BF4B-00C04F79EFBC}") = "demo-azure-deployment", "demo-azure-deployment.csproj", "{02EF0056-6963-46D3-8973-C0DB104EC77E}"
EndProject
Global
	GlobalSection(SolutionConfigurationPlatforms) = preSolution
		Debug|Any CPU = Debug|Any CPU
		Release|Any CPU = Release|Any CPU
	EndGlobalSection
	GlobalSection(ProjectConfigurationPlatforms) = postSolution
		{02EF0056-6963-46D3-8973-C0DB104EC77E}.Debug|Any CPU.ActiveCfg = Debug|Any CPU
		{02EF0056-6963-46D3-8973-C0DB104EC77E}.Debug|Any CPU.Build.0 = Debug|Any CPU
		{02EF0056-6963-46D3-8973-C0DB104EC77E}.Release|Any CPU.ActiveCfg = Release|Any CPU
		{02EF0056-6963-46D3-8973-C0DB104EC77E}.Release|Any CPU.Build.0 = Release|Any CPU
	EndGlobalSection
	GlobalSection(SolutionProperties) = preSolution
		HideSolutionNode = FALSE
	EndGlobalSection
	GlobalSection(ExtensibilityGlobals) = postSolution
		SolutionGuid = {2D062553-B480-4622-9909-07F3675670BF}
	EndGlobalSection
EndGlobal
